// !$*UTF8*$!
{
	archiveVersion = 1;
	classes = {
	};
	objectVersion = 50;
	objects = {

/* Begin PBXBuildFile section */
		5A34CEC822121D45002F2980 /* LaunchScreen.storyboard in Resources */ = {isa = PBXBuildFile; fileRef = 5A34CEC722121D45002F2980 /* LaunchScreen.storyboard */; };
		5A34CECB22121DD3002F2980 /* MonstersViewController.swift in Sources */ = {isa = PBXBuildFile; fileRef = 5A34CEC922121DD3002F2980 /* MonstersViewController.swift */; };
		5A34CECE22121F7C002F2980 /* Monsters.storyboard in Resources */ = {isa = PBXBuildFile; fileRef = 5A34CECD22121F7C002F2980 /* Monsters.storyboard */; };
		5A3847B6222F012100B29400 /* MonsterDetailView.swift in Sources */ = {isa = PBXBuildFile; fileRef = 5A3847B5222F012100B29400 /* MonsterDetailView.swift */; };
		5A3847B8222F013500B29400 /* MonsterDetailView.xib in Resources */ = {isa = PBXBuildFile; fileRef = 5A3847B7222F013500B29400 /* MonsterDetailView.xib */; };
		5A3847BB222F10F300B29400 /* MonsterDetailStatsView.swift in Sources */ = {isa = PBXBuildFile; fileRef = 5A3847BA222F10F300B29400 /* MonsterDetailStatsView.swift */; };
		5A547FCC221A17A7006760EE /* FontsTests.swift in Sources */ = {isa = PBXBuildFile; fileRef = 5A547FCB221A17A7006760EE /* FontsTests.swift */; };
		5A62B648221A087D00B98CCD /* EffectIconsTests.swift in Sources */ = {isa = PBXBuildFile; fileRef = 5A62B647221A087D00B98CCD /* EffectIconsTests.swift */; };
		5A62B64A221A0AF300B98CCD /* Effect.swift in Sources */ = {isa = PBXBuildFile; fileRef = 5A62B649221A0AF200B98CCD /* Effect.swift */; };
		5A62B64C221A144900B98CCD /* UIFont+factory.swift in Sources */ = {isa = PBXBuildFile; fileRef = 5A62B64B221A144900B98CCD /* UIFont+factory.swift */; };
		5A6A1C6D22120E5B00A58EAD /* AppDelegate.swift in Sources */ = {isa = PBXBuildFile; fileRef = 5A6A1C6C22120E5B00A58EAD /* AppDelegate.swift */; };
		5A6A1C7422120E5C00A58EAD /* Assets.xcassets in Resources */ = {isa = PBXBuildFile; fileRef = 5A6A1C7322120E5C00A58EAD /* Assets.xcassets */; };
		5A6A1C8222120E5C00A58EAD /* MonsterTraitsParseTests.swift in Sources */ = {isa = PBXBuildFile; fileRef = 5A6A1C8122120E5C00A58EAD /* MonsterTraitsParseTests.swift */; };
		5A6A1C8E2212145D00A58EAD /* Monster.swift in Sources */ = {isa = PBXBuildFile; fileRef = 5A6A1C8D2212145D00A58EAD /* Monster.swift */; };
		5A97A2802219DF77004B75D1 /* MonstersParser.swift in Sources */ = {isa = PBXBuildFile; fileRef = 5A97A27F2219DF77004B75D1 /* MonstersParser.swift */; };
		5A97A2822219DFC7004B75D1 /* MonsterTraitsParser.swift in Sources */ = {isa = PBXBuildFile; fileRef = 5A97A2812219DFC7004B75D1 /* MonsterTraitsParser.swift */; };
		5A97A2842219E081004B75D1 /* MonsterParserTests.swift in Sources */ = {isa = PBXBuildFile; fileRef = 5A97A2832219E081004B75D1 /* MonsterParserTests.swift */; };
		5A97A2862219E9DE004B75D1 /* MonsterDetailPresenter.swift in Sources */ = {isa = PBXBuildFile; fileRef = 5A97A2852219E9DE004B75D1 /* MonsterDetailPresenter.swift */; };
		5A97A2882219EA51004B75D1 /* MonsterDetailPresenterTests.swift in Sources */ = {isa = PBXBuildFile; fileRef = 5A97A2872219EA51004B75D1 /* MonsterDetailPresenterTests.swift */; };
		5A97A28D2219EEC5004B75D1 /* HighTower.ttf in Resources */ = {isa = PBXBuildFile; fileRef = 5A97A28A2219EEC5004B75D1 /* HighTower.ttf */; };
		5A97A28E2219EEC5004B75D1 /* PirataOne.ttf in Resources */ = {isa = PBXBuildFile; fileRef = 5A97A28B2219EEC5004B75D1 /* PirataOne.ttf */; };
		5A97A28F2219EEC5004B75D1 /* Nyala.ttf in Resources */ = {isa = PBXBuildFile; fileRef = 5A97A28C2219EEC5004B75D1 /* Nyala.ttf */; };
		5A97A2922219EED6004B75D1 /* monsters.json in Resources */ = {isa = PBXBuildFile; fileRef = 5A97A2912219EED6004B75D1 /* monsters.json */; };
		5A97A2992219FDC1004B75D1 /* UIImage+tinted.swift in Sources */ = {isa = PBXBuildFile; fileRef = 5A97A2982219FDC1004B75D1 /* UIImage+tinted.swift */; };
		5AAAD4F42218028D00ECC54C /* MonstersPresenter.swift in Sources */ = {isa = PBXBuildFile; fileRef = 5AAAD4F32218028D00ECC54C /* MonstersPresenter.swift */; };
		5AAAD4F6221802B400ECC54C /* MonstersRepository.swift in Sources */ = {isa = PBXBuildFile; fileRef = 5AAAD4F5221802B400ECC54C /* MonstersRepository.swift */; };
		5AAAD4F82218047D00ECC54C /* MonsterDetailViewController.swift in Sources */ = {isa = PBXBuildFile; fileRef = 5AAAD4F72218047D00ECC54C /* MonsterDetailViewController.swift */; };
		5AAF81012213675C007301E8 /* MonsterCell.swift in Sources */ = {isa = PBXBuildFile; fileRef = 5AAF81002213675C007301E8 /* MonsterCell.swift */; };
/* End PBXBuildFile section */

/* Begin PBXContainerItemProxy section */
		5A6A1C7E22120E5C00A58EAD /* PBXContainerItemProxy */ = {
			isa = PBXContainerItemProxy;
			containerPortal = 5A6A1C6122120E5B00A58EAD /* Project object */;
			proxyType = 1;
			remoteGlobalIDString = 5A6A1C6822120E5B00A58EAD;
			remoteInfo = gloomhaven;
		};
/* End PBXContainerItemProxy section */

/* Begin PBXFileReference section */
		5A34CEC722121D45002F2980 /* LaunchScreen.storyboard */ = {isa = PBXFileReference; fileEncoding = 4; lastKnownFileType = file.storyboard; path = LaunchScreen.storyboard; sourceTree = "<group>"; };
		5A34CEC922121DD3002F2980 /* MonstersViewController.swift */ = {isa = PBXFileReference; lastKnownFileType = sourcecode.swift; path = MonstersViewController.swift; sourceTree = "<group>"; };
		5A34CECD22121F7C002F2980 /* Monsters.storyboard */ = {isa = PBXFileReference; lastKnownFileType = file.storyboard; path = Monsters.storyboard; sourceTree = "<group>"; };
		5A3847B5222F012100B29400 /* MonsterDetailView.swift */ = {isa = PBXFileReference; lastKnownFileType = sourcecode.swift; path = MonsterDetailView.swift; sourceTree = "<group>"; };
		5A3847B7222F013500B29400 /* MonsterDetailView.xib */ = {isa = PBXFileReference; lastKnownFileType = file.xib; path = MonsterDetailView.xib; sourceTree = "<group>"; };
		5A3847BA222F10F300B29400 /* MonsterDetailStatsView.swift */ = {isa = PBXFileReference; lastKnownFileType = sourcecode.swift; path = MonsterDetailStatsView.swift; sourceTree = "<group>"; };
		5A547FCB221A17A7006760EE /* FontsTests.swift */ = {isa = PBXFileReference; lastKnownFileType = sourcecode.swift; path = FontsTests.swift; sourceTree = "<group>"; };
		5A62B647221A087D00B98CCD /* EffectIconsTests.swift */ = {isa = PBXFileReference; lastKnownFileType = sourcecode.swift; path = EffectIconsTests.swift; sourceTree = "<group>"; };
		5A62B649221A0AF200B98CCD /* Effect.swift */ = {isa = PBXFileReference; lastKnownFileType = sourcecode.swift; path = Effect.swift; sourceTree = "<group>"; };
		5A62B64B221A144900B98CCD /* UIFont+factory.swift */ = {isa = PBXFileReference; lastKnownFileType = sourcecode.swift; path = "UIFont+factory.swift"; sourceTree = "<group>"; };
		5A6A1C6922120E5B00A58EAD /* gloomhaven.app */ = {isa = PBXFileReference; explicitFileType = wrapper.application; includeInIndex = 0; path = gloomhaven.app; sourceTree = BUILT_PRODUCTS_DIR; };
		5A6A1C6C22120E5B00A58EAD /* AppDelegate.swift */ = {isa = PBXFileReference; lastKnownFileType = sourcecode.swift; path = AppDelegate.swift; sourceTree = "<group>"; };
		5A6A1C7322120E5C00A58EAD /* Assets.xcassets */ = {isa = PBXFileReference; lastKnownFileType = folder.assetcatalog; path = Assets.xcassets; sourceTree = "<group>"; };
		5A6A1C7822120E5C00A58EAD /* Info.plist */ = {isa = PBXFileReference; lastKnownFileType = text.plist.xml; path = Info.plist; sourceTree = "<group>"; };
		5A6A1C7D22120E5C00A58EAD /* gloomhavenTests.xctest */ = {isa = PBXFileReference; explicitFileType = wrapper.cfbundle; includeInIndex = 0; path = gloomhavenTests.xctest; sourceTree = BUILT_PRODUCTS_DIR; };
		5A6A1C8122120E5C00A58EAD /* MonsterTraitsParseTests.swift */ = {isa = PBXFileReference; lastKnownFileType = sourcecode.swift; path = MonsterTraitsParseTests.swift; sourceTree = "<group>"; };
		5A6A1C8322120E5C00A58EAD /* Info.plist */ = {isa = PBXFileReference; lastKnownFileType = text.plist.xml; path = Info.plist; sourceTree = "<group>"; };
		5A6A1C8D2212145D00A58EAD /* Monster.swift */ = {isa = PBXFileReference; lastKnownFileType = sourcecode.swift; path = Monster.swift; sourceTree = "<group>"; };
		5A97A27F2219DF77004B75D1 /* MonstersParser.swift */ = {isa = PBXFileReference; lastKnownFileType = sourcecode.swift; path = MonstersParser.swift; sourceTree = "<group>"; };
		5A97A2812219DFC7004B75D1 /* MonsterTraitsParser.swift */ = {isa = PBXFileReference; lastKnownFileType = sourcecode.swift; path = MonsterTraitsParser.swift; sourceTree = "<group>"; };
		5A97A2832219E081004B75D1 /* MonsterParserTests.swift */ = {isa = PBXFileReference; lastKnownFileType = sourcecode.swift; path = MonsterParserTests.swift; sourceTree = "<group>"; };
		5A97A2852219E9DE004B75D1 /* MonsterDetailPresenter.swift */ = {isa = PBXFileReference; lastKnownFileType = sourcecode.swift; path = MonsterDetailPresenter.swift; sourceTree = "<group>"; };
		5A97A2872219EA51004B75D1 /* MonsterDetailPresenterTests.swift */ = {isa = PBXFileReference; lastKnownFileType = sourcecode.swift; path = MonsterDetailPresenterTests.swift; sourceTree = "<group>"; };
		5A97A28A2219EEC5004B75D1 /* HighTower.ttf */ = {isa = PBXFileReference; lastKnownFileType = file; path = HighTower.ttf; sourceTree = "<group>"; };
		5A97A28B2219EEC5004B75D1 /* PirataOne.ttf */ = {isa = PBXFileReference; lastKnownFileType = file; path = PirataOne.ttf; sourceTree = "<group>"; };
		5A97A28C2219EEC5004B75D1 /* Nyala.ttf */ = {isa = PBXFileReference; lastKnownFileType = file; path = Nyala.ttf; sourceTree = "<group>"; };
		5A97A2912219EED6004B75D1 /* monsters.json */ = {isa = PBXFileReference; fileEncoding = 4; lastKnownFileType = text.json; path = monsters.json; sourceTree = "<group>"; };
		5A97A2982219FDC1004B75D1 /* UIImage+tinted.swift */ = {isa = PBXFileReference; lastKnownFileType = sourcecode.swift; path = "UIImage+tinted.swift"; sourceTree = "<group>"; };
		5AAAD4F32218028D00ECC54C /* MonstersPresenter.swift */ = {isa = PBXFileReference; lastKnownFileType = sourcecode.swift; path = MonstersPresenter.swift; sourceTree = "<group>"; };
		5AAAD4F5221802B400ECC54C /* MonstersRepository.swift */ = {isa = PBXFileReference; lastKnownFileType = sourcecode.swift; path = MonstersRepository.swift; sourceTree = "<group>"; };
		5AAAD4F72218047D00ECC54C /* MonsterDetailViewController.swift */ = {isa = PBXFileReference; lastKnownFileType = sourcecode.swift; path = MonsterDetailViewController.swift; sourceTree = "<group>"; };
		5AAF81002213675C007301E8 /* MonsterCell.swift */ = {isa = PBXFileReference; lastKnownFileType = sourcecode.swift; path = MonsterCell.swift; sourceTree = "<group>"; };
/* End PBXFileReference section */

/* Begin PBXFrameworksBuildPhase section */
		5A6A1C6622120E5B00A58EAD /* Frameworks */ = {
			isa = PBXFrameworksBuildPhase;
			buildActionMask = 2147483647;
			files = (
			);
			runOnlyForDeploymentPostprocessing = 0;
		};
		5A6A1C7A22120E5C00A58EAD /* Frameworks */ = {
			isa = PBXFrameworksBuildPhase;
			buildActionMask = 2147483647;
			files = (
			);
			runOnlyForDeploymentPostprocessing = 0;
		};
/* End PBXFrameworksBuildPhase section */

/* Begin PBXGroup section */
		5A34CEC522121CB3002F2980 /* Monsters */ = {
			isa = PBXGroup;
			children = (
				5A34CECD22121F7C002F2980 /* Monsters.storyboard */,
				5ADCAD952219BD430036171B /* MonsterGallery */,
				5ADCAD962219BD4F0036171B /* MonsterDetail */,
				5A97A27E2219DF44004B75D1 /* Repository */,
			);
			path = Monsters;
			sourceTree = "<group>";
		};
		5A34CEC622121CE8002F2980 /* Resources */ = {
			isa = PBXGroup;
			children = (
				5A97A2902219EED6004B75D1 /* Data */,
				5A97A2892219EEC5004B75D1 /* Fonts */,
				5A34CEC722121D45002F2980 /* LaunchScreen.storyboard */,
				5A6A1C7322120E5C00A58EAD /* Assets.xcassets */,
			);
			path = Resources;
			sourceTree = "<group>";
		};
		5A3847B9222F10E400B29400 /* View */ = {
			isa = PBXGroup;
			children = (
				5A3847B5222F012100B29400 /* MonsterDetailView.swift */,
				5A3847B7222F013500B29400 /* MonsterDetailView.xib */,
				5A3847BA222F10F300B29400 /* MonsterDetailStatsView.swift */,
			);
			path = View;
			sourceTree = "<group>";
		};
		5A6A1C6022120E5B00A58EAD = {
			isa = PBXGroup;
			children = (
				5A6A1C6B22120E5B00A58EAD /* gloomhaven */,
				5A6A1C8022120E5C00A58EAD /* gloomhavenTests */,
				5A6A1C6A22120E5B00A58EAD /* Products */,
			);
			sourceTree = "<group>";
		};
		5A6A1C6A22120E5B00A58EAD /* Products */ = {
			isa = PBXGroup;
			children = (
				5A6A1C6922120E5B00A58EAD /* gloomhaven.app */,
				5A6A1C7D22120E5C00A58EAD /* gloomhavenTests.xctest */,
			);
			name = Products;
			sourceTree = "<group>";
		};
		5A6A1C6B22120E5B00A58EAD /* gloomhaven */ = {
			isa = PBXGroup;
			children = (
				5A97A2972219FD79004B75D1 /* Utils */,
				5A34CEC522121CB3002F2980 /* Monsters */,
				5A6A1C8C2212145600A58EAD /* Model */,
				5A6A1C6C22120E5B00A58EAD /* AppDelegate.swift */,
				5A34CEC622121CE8002F2980 /* Resources */,
				5A6A1C7822120E5C00A58EAD /* Info.plist */,
			);
			path = gloomhaven;
			sourceTree = "<group>";
		};
		5A6A1C8022120E5C00A58EAD /* gloomhavenTests */ = {
			isa = PBXGroup;
			children = (
				5A97A2832219E081004B75D1 /* MonsterParserTests.swift */,
				5A6A1C8122120E5C00A58EAD /* MonsterTraitsParseTests.swift */,
				5A97A2872219EA51004B75D1 /* MonsterDetailPresenterTests.swift */,
				5A62B647221A087D00B98CCD /* EffectIconsTests.swift */,
				5A547FCB221A17A7006760EE /* FontsTests.swift */,
				5A6A1C8322120E5C00A58EAD /* Info.plist */,
			);
			path = gloomhavenTests;
			sourceTree = "<group>";
		};
		5A6A1C8C2212145600A58EAD /* Model */ = {
			isa = PBXGroup;
			children = (
				5A6A1C8D2212145D00A58EAD /* Monster.swift */,
				5A62B649221A0AF200B98CCD /* Effect.swift */,
			);
			path = Model;
			sourceTree = "<group>";
		};
		5A97A27E2219DF44004B75D1 /* Repository */ = {
			isa = PBXGroup;
			children = (
				5AAAD4F5221802B400ECC54C /* MonstersRepository.swift */,
				5A97A27F2219DF77004B75D1 /* MonstersParser.swift */,
				5A97A2812219DFC7004B75D1 /* MonsterTraitsParser.swift */,
			);
			path = Repository;
			sourceTree = "<group>";
		};
		5A97A2892219EEC5004B75D1 /* Fonts */ = {
			isa = PBXGroup;
			children = (
				5A97A28A2219EEC5004B75D1 /* HighTower.ttf */,
				5A97A28B2219EEC5004B75D1 /* PirataOne.ttf */,
				5A97A28C2219EEC5004B75D1 /* Nyala.ttf */,
			);
			path = Fonts;
			sourceTree = "<group>";
		};
		5A97A2902219EED6004B75D1 /* Data */ = {
			isa = PBXGroup;
			children = (
				5A97A2912219EED6004B75D1 /* monsters.json */,
			);
			path = Data;
			sourceTree = "<group>";
		};
		5A97A2972219FD79004B75D1 /* Utils */ = {
			isa = PBXGroup;
			children = (
				5A97A2982219FDC1004B75D1 /* UIImage+tinted.swift */,
				5A62B64B221A144900B98CCD /* UIFont+factory.swift */,
			);
			path = Utils;
			sourceTree = "<group>";
		};
		5ADCAD952219BD430036171B /* MonsterGallery */ = {
			isa = PBXGroup;
			children = (
				5A34CEC922121DD3002F2980 /* MonstersViewController.swift */,
				5AAF81002213675C007301E8 /* MonsterCell.swift */,
				5AAAD4F32218028D00ECC54C /* MonstersPresenter.swift */,
			);
			path = MonsterGallery;
			sourceTree = "<group>";
		};
		5ADCAD962219BD4F0036171B /* MonsterDetail */ = {
			isa = PBXGroup;
			children = (
				5AAAD4F72218047D00ECC54C /* MonsterDetailViewController.swift */,
				5A97A2852219E9DE004B75D1 /* MonsterDetailPresenter.swift */,
				5A3847B9222F10E400B29400 /* View */,
			);
			path = MonsterDetail;
			sourceTree = "<group>";
		};
/* End PBXGroup section */

/* Begin PBXNativeTarget section */
		5A6A1C6822120E5B00A58EAD /* gloomhaven */ = {
			isa = PBXNativeTarget;
			buildConfigurationList = 5A6A1C8622120E5C00A58EAD /* Build configuration list for PBXNativeTarget "gloomhaven" */;
			buildPhases = (
				5A741AE922B4F1E8000E18BB /* Swiftlint */,
				5A6A1C6522120E5B00A58EAD /* Sources */,
				5A6A1C6622120E5B00A58EAD /* Frameworks */,
				5A6A1C6722120E5B00A58EAD /* Resources */,
			);
			buildRules = (
			);
			dependencies = (
			);
			name = gloomhaven;
			productName = gloomhaven;
			productReference = 5A6A1C6922120E5B00A58EAD /* gloomhaven.app */;
			productType = "com.apple.product-type.application";
		};
		5A6A1C7C22120E5C00A58EAD /* gloomhavenTests */ = {
			isa = PBXNativeTarget;
			buildConfigurationList = 5A6A1C8922120E5C00A58EAD /* Build configuration list for PBXNativeTarget "gloomhavenTests" */;
			buildPhases = (
				5A6A1C7922120E5C00A58EAD /* Sources */,
				5A6A1C7A22120E5C00A58EAD /* Frameworks */,
				5A6A1C7B22120E5C00A58EAD /* Resources */,
			);
			buildRules = (
			);
			dependencies = (
				5A6A1C7F22120E5C00A58EAD /* PBXTargetDependency */,
			);
			name = gloomhavenTests;
			productName = gloomhavenTests;
			productReference = 5A6A1C7D22120E5C00A58EAD /* gloomhavenTests.xctest */;
			productType = "com.apple.product-type.bundle.unit-test";
		};
/* End PBXNativeTarget section */

/* Begin PBXProject section */
		5A6A1C6122120E5B00A58EAD /* Project object */ = {
			isa = PBXProject;
			attributes = {
				LastSwiftUpdateCheck = 1010;
				LastUpgradeCheck = 1010;
				ORGANIZATIONNAME = sbs;
				TargetAttributes = {
					5A6A1C6822120E5B00A58EAD = {
						CreatedOnToolsVersion = 10.1;
					};
					5A6A1C7C22120E5C00A58EAD = {
						CreatedOnToolsVersion = 10.1;
						TestTargetID = 5A6A1C6822120E5B00A58EAD;
					};
				};
			};
			buildConfigurationList = 5A6A1C6422120E5B00A58EAD /* Build configuration list for PBXProject "gloomhaven" */;
			compatibilityVersion = "Xcode 9.3";
			developmentRegion = en;
			hasScannedForEncodings = 0;
			knownRegions = (
				en,
				Base,
			);
			mainGroup = 5A6A1C6022120E5B00A58EAD;
			productRefGroup = 5A6A1C6A22120E5B00A58EAD /* Products */;
			projectDirPath = "";
			projectRoot = "";
			targets = (
				5A6A1C6822120E5B00A58EAD /* gloomhaven */,
				5A6A1C7C22120E5C00A58EAD /* gloomhavenTests */,
			);
		};
/* End PBXProject section */

/* Begin PBXResourcesBuildPhase section */
		5A6A1C6722120E5B00A58EAD /* Resources */ = {
			isa = PBXResourcesBuildPhase;
			buildActionMask = 2147483647;
			files = (
				5A97A2922219EED6004B75D1 /* monsters.json in Resources */,
				5A97A28E2219EEC5004B75D1 /* PirataOne.ttf in Resources */,
				5A34CECE22121F7C002F2980 /* Monsters.storyboard in Resources */,
				5A6A1C7422120E5C00A58EAD /* Assets.xcassets in Resources */,
				5A3847B8222F013500B29400 /* MonsterDetailView.xib in Resources */,
				5A34CEC822121D45002F2980 /* LaunchScreen.storyboard in Resources */,
				5A97A28F2219EEC5004B75D1 /* Nyala.ttf in Resources */,
				5A97A28D2219EEC5004B75D1 /* HighTower.ttf in Resources */,
			);
			runOnlyForDeploymentPostprocessing = 0;
		};
		5A6A1C7B22120E5C00A58EAD /* Resources */ = {
			isa = PBXResourcesBuildPhase;
			buildActionMask = 2147483647;
			files = (
			);
			runOnlyForDeploymentPostprocessing = 0;
		};
/* End PBXResourcesBuildPhase section */

/* Begin PBXShellScriptBuildPhase section */
		5A741AE922B4F1E8000E18BB /* Swiftlint */ = {
			isa = PBXShellScriptBuildPhase;
			buildActionMask = 2147483647;
			files = (
			);
			inputFileListPaths = (
			);
			inputPaths = (
			);
			name = Swiftlint;
			outputFileListPaths = (
			);
			outputPaths = (
			);
			runOnlyForDeploymentPostprocessing = 0;
			shellPath = /bin/sh;
			shellScript = "if which swiftlint >/dev/null; then\n    swiftlint \nelse\n    echo \"warning: SwiftLint not installed, download from https://github.com/realm/SwiftLint\"\nfi\n";
		};
/* End PBXShellScriptBuildPhase section */

/* Begin PBXSourcesBuildPhase section */
		5A6A1C6522120E5B00A58EAD /* Sources */ = {
			isa = PBXSourcesBuildPhase;
			buildActionMask = 2147483647;
			files = (
				5A3847BB222F10F300B29400 /* MonsterDetailStatsView.swift in Sources */,
				5AAAD4F6221802B400ECC54C /* MonstersRepository.swift in Sources */,
				5AAAD4F42218028D00ECC54C /* MonstersPresenter.swift in Sources */,
				5AAF81012213675C007301E8 /* MonsterCell.swift in Sources */,
				5A62B64A221A0AF300B98CCD /* Effect.swift in Sources */,
				5A6A1C8E2212145D00A58EAD /* Monster.swift in Sources */,
				5A62B64C221A144900B98CCD /* UIFont+factory.swift in Sources */,
				5A34CECB22121DD3002F2980 /* MonstersViewController.swift in Sources */,
				5A97A2802219DF77004B75D1 /* MonstersParser.swift in Sources */,
				5A3847B6222F012100B29400 /* MonsterDetailView.swift in Sources */,
				5A97A2862219E9DE004B75D1 /* MonsterDetailPresenter.swift in Sources */,
				5A6A1C6D22120E5B00A58EAD /* AppDelegate.swift in Sources */,
				5A97A2992219FDC1004B75D1 /* UIImage+tinted.swift in Sources */,
				5A97A2822219DFC7004B75D1 /* MonsterTraitsParser.swift in Sources */,
				5AAAD4F82218047D00ECC54C /* MonsterDetailViewController.swift in Sources */,
			);
			runOnlyForDeploymentPostprocessing = 0;
		};
		5A6A1C7922120E5C00A58EAD /* Sources */ = {
			isa = PBXSourcesBuildPhase;
			buildActionMask = 2147483647;
			files = (
				5A6A1C8222120E5C00A58EAD /* MonsterTraitsParseTests.swift in Sources */,
				5A62B648221A087D00B98CCD /* EffectIconsTests.swift in Sources */,
				5A97A2842219E081004B75D1 /* MonsterParserTests.swift in Sources */,
				5A97A2882219EA51004B75D1 /* MonsterDetailPresenterTests.swift in Sources */,
				5A547FCC221A17A7006760EE /* FontsTests.swift in Sources */,
			);
			runOnlyForDeploymentPostprocessing = 0;
		};
/* End PBXSourcesBuildPhase section */

/* Begin PBXTargetDependency section */
		5A6A1C7F22120E5C00A58EAD /* PBXTargetDependency */ = {
			isa = PBXTargetDependency;
			target = 5A6A1C6822120E5B00A58EAD /* gloomhaven */;
			targetProxy = 5A6A1C7E22120E5C00A58EAD /* PBXContainerItemProxy */;
		};
/* End PBXTargetDependency section */

/* Begin XCBuildConfiguration section */
		5A6A1C8422120E5C00A58EAD /* Debug */ = {
			isa = XCBuildConfiguration;
			buildSettings = {
				ALWAYS_SEARCH_USER_PATHS = NO;
				CLANG_ANALYZER_NONNULL = YES;
				CLANG_ANALYZER_NUMBER_OBJECT_CONVERSION = YES_AGGRESSIVE;
				CLANG_CXX_LANGUAGE_STANDARD = "gnu++14";
				CLANG_CXX_LIBRARY = "libc++";
				CLANG_ENABLE_MODULES = YES;
				CLANG_ENABLE_OBJC_ARC = YES;
				CLANG_ENABLE_OBJC_WEAK = YES;
				CLANG_WARN_BLOCK_CAPTURE_AUTORELEASING = YES;
				CLANG_WARN_BOOL_CONVERSION = YES;
				CLANG_WARN_COMMA = YES;
				CLANG_WARN_CONSTANT_CONVERSION = YES;
				CLANG_WARN_DEPRECATED_OBJC_IMPLEMENTATIONS = YES;
				CLANG_WARN_DIRECT_OBJC_ISA_USAGE = YES_ERROR;
				CLANG_WARN_DOCUMENTATION_COMMENTS = YES;
				CLANG_WARN_EMPTY_BODY = YES;
				CLANG_WARN_ENUM_CONVERSION = YES;
				CLANG_WARN_INFINITE_RECURSION = YES;
				CLANG_WARN_INT_CONVERSION = YES;
				CLANG_WARN_NON_LITERAL_NULL_CONVERSION = YES;
				CLANG_WARN_OBJC_IMPLICIT_RETAIN_SELF = YES;
				CLANG_WARN_OBJC_LITERAL_CONVERSION = YES;
				CLANG_WARN_OBJC_ROOT_CLASS = YES_ERROR;
				CLANG_WARN_RANGE_LOOP_ANALYSIS = YES;
				CLANG_WARN_STRICT_PROTOTYPES = YES;
				CLANG_WARN_SUSPICIOUS_MOVE = YES;
				CLANG_WARN_UNGUARDED_AVAILABILITY = YES_AGGRESSIVE;
				CLANG_WARN_UNREACHABLE_CODE = YES;
				CLANG_WARN__DUPLICATE_METHOD_MATCH = YES;
				CODE_SIGN_IDENTITY = "iPhone Developer";
				COPY_PHASE_STRIP = NO;
				DEBUG_INFORMATION_FORMAT = dwarf;
				ENABLE_STRICT_OBJC_MSGSEND = YES;
				ENABLE_TESTABILITY = YES;
				GCC_C_LANGUAGE_STANDARD = gnu11;
				GCC_DYNAMIC_NO_PIC = NO;
				GCC_NO_COMMON_BLOCKS = YES;
				GCC_OPTIMIZATION_LEVEL = 0;
				GCC_PREPROCESSOR_DEFINITIONS = (
					"DEBUG=1",
					"$(inherited)",
				);
				GCC_WARN_64_TO_32_BIT_CONVERSION = YES;
				GCC_WARN_ABOUT_RETURN_TYPE = YES_ERROR;
				GCC_WARN_UNDECLARED_SELECTOR = YES;
				GCC_WARN_UNINITIALIZED_AUTOS = YES_AGGRESSIVE;
				GCC_WARN_UNUSED_FUNCTION = YES;
				GCC_WARN_UNUSED_VARIABLE = YES;
				IPHONEOS_DEPLOYMENT_TARGET = 12.0;
				MTL_ENABLE_DEBUG_INFO = INCLUDE_SOURCE;
				MTL_FAST_MATH = YES;
				ONLY_ACTIVE_ARCH = YES;
				SDKROOT = iphoneos;
				SWIFT_ACTIVE_COMPILATION_CONDITIONS = DEBUG;
				SWIFT_OPTIMIZATION_LEVEL = "-Onone";
			};
			name = Debug;
		};
		5A6A1C8522120E5C00A58EAD /* Release */ = {
			isa = XCBuildConfiguration;
			buildSettings = {
				ALWAYS_SEARCH_USER_PATHS = NO;
				CLANG_ANALYZER_NONNULL = YES;
				CLANG_ANALYZER_NUMBER_OBJECT_CONVERSION = YES_AGGRESSIVE;
				CLANG_CXX_LANGUAGE_STANDARD = "gnu++14";
				CLANG_CXX_LIBRARY = "libc++";
				CLANG_ENABLE_MODULES = YES;
				CLANG_ENABLE_OBJC_ARC = YES;
				CLANG_ENABLE_OBJC_WEAK = YES;
				CLANG_WARN_BLOCK_CAPTURE_AUTORELEASING = YES;
				CLANG_WARN_BOOL_CONVERSION = YES;
				CLANG_WARN_COMMA = YES;
				CLANG_WARN_CONSTANT_CONVERSION = YES;
				CLANG_WARN_DEPRECATED_OBJC_IMPLEMENTATIONS = YES;
				CLANG_WARN_DIRECT_OBJC_ISA_USAGE = YES_ERROR;
				CLANG_WARN_DOCUMENTATION_COMMENTS = YES;
				CLANG_WARN_EMPTY_BODY = YES;
				CLANG_WARN_ENUM_CONVERSION = YES;
				CLANG_WARN_INFINITE_RECURSION = YES;
				CLANG_WARN_INT_CONVERSION = YES;
				CLANG_WARN_NON_LITERAL_NULL_CONVERSION = YES;
				CLANG_WARN_OBJC_IMPLICIT_RETAIN_SELF = YES;
				CLANG_WARN_OBJC_LITERAL_CONVERSION = YES;
				CLANG_WARN_OBJC_ROOT_CLASS = YES_ERROR;
				CLANG_WARN_RANGE_LOOP_ANALYSIS = YES;
				CLANG_WARN_STRICT_PROTOTYPES = YES;
				CLANG_WARN_SUSPICIOUS_MOVE = YES;
				CLANG_WARN_UNGUARDED_AVAILABILITY = YES_AGGRESSIVE;
				CLANG_WARN_UNREACHABLE_CODE = YES;
				CLANG_WARN__DUPLICATE_METHOD_MATCH = YES;
				CODE_SIGN_IDENTITY = "iPhone Developer";
				COPY_PHASE_STRIP = NO;
				DEBUG_INFORMATION_FORMAT = "dwarf-with-dsym";
				ENABLE_NS_ASSERTIONS = NO;
				ENABLE_STRICT_OBJC_MSGSEND = YES;
				GCC_C_LANGUAGE_STANDARD = gnu11;
				GCC_NO_COMMON_BLOCKS = YES;
				GCC_WARN_64_TO_32_BIT_CONVERSION = YES;
				GCC_WARN_ABOUT_RETURN_TYPE = YES_ERROR;
				GCC_WARN_UNDECLARED_SELECTOR = YES;
				GCC_WARN_UNINITIALIZED_AUTOS = YES_AGGRESSIVE;
				GCC_WARN_UNUSED_FUNCTION = YES;
				GCC_WARN_UNUSED_VARIABLE = YES;
				IPHONEOS_DEPLOYMENT_TARGET = 12.0;
				MTL_ENABLE_DEBUG_INFO = NO;
				MTL_FAST_MATH = YES;
				SDKROOT = iphoneos;
				SWIFT_COMPILATION_MODE = wholemodule;
				SWIFT_OPTIMIZATION_LEVEL = "-O";
				VALIDATE_PRODUCT = YES;
			};
			name = Release;
		};
		5A6A1C8722120E5C00A58EAD /* Debug */ = {
			isa = XCBuildConfiguration;
			buildSettings = {
				ASSETCATALOG_COMPILER_APPICON_NAME = AppIcon;
				CODE_SIGN_STYLE = Automatic;
				INFOPLIST_FILE = gloomhaven/Info.plist;
				IPHONEOS_DEPLOYMENT_TARGET = 12.0;
				LD_RUNPATH_SEARCH_PATHS = (
					"$(inherited)",
					"@executable_path/Frameworks",
				);
				PRODUCT_BUNDLE_IDENTIFIER = com.sbs.gloomhaven;
				PRODUCT_NAME = "$(TARGET_NAME)";
				SWIFT_VERSION = 4.2;
				TARGETED_DEVICE_FAMILY = 2;
			};
			name = Debug;
		};
		5A6A1C8822120E5C00A58EAD /* Release */ = {
			isa = XCBuildConfiguration;
			buildSettings = {
				ASSETCATALOG_COMPILER_APPICON_NAME = AppIcon;
				CODE_SIGN_STYLE = Automatic;
				INFOPLIST_FILE = gloomhaven/Info.plist;
				IPHONEOS_DEPLOYMENT_TARGET = 12.0;
				LD_RUNPATH_SEARCH_PATHS = (
					"$(inherited)",
					"@executable_path/Frameworks",
				);
				PRODUCT_BUNDLE_IDENTIFIER = com.sbs.gloomhaven;
				PRODUCT_NAME = "$(TARGET_NAME)";
				SWIFT_VERSION = 4.2;
				TARGETED_DEVICE_FAMILY = 2;
			};
			name = Release;
		};
		5A6A1C8A22120E5C00A58EAD /* Debug */ = {
			isa = XCBuildConfiguration;
			buildSettings = {
				ALWAYS_EMBED_SWIFT_STANDARD_LIBRARIES = YES;
				BUNDLE_LOADER = "$(TEST_HOST)";
				CODE_SIGN_STYLE = Automatic;
				INFOPLIST_FILE = gloomhavenTests/Info.plist;
				LD_RUNPATH_SEARCH_PATHS = (
					"$(inherited)",
					"@executable_path/Frameworks",
					"@loader_path/Frameworks",
				);
				PRODUCT_BUNDLE_IDENTIFIER = com.sbs.gloomhavenTests;
				PRODUCT_NAME = "$(TARGET_NAME)";
				SWIFT_VERSION = 4.2;
				TARGETED_DEVICE_FAMILY = "1,2";
				TEST_HOST = "$(BUILT_PRODUCTS_DIR)/gloomhaven.app/gloomhaven";
			};
			name = Debug;
		};
		5A6A1C8B22120E5C00A58EAD /* Release */ = {
			isa = XCBuildConfiguration;
			buildSettings = {
				ALWAYS_EMBED_SWIFT_STANDARD_LIBRARIES = YES;
				BUNDLE_LOADER = "$(TEST_HOST)";
				CODE_SIGN_STYLE = Automatic;
				INFOPLIST_FILE = gloomhavenTests/Info.plist;
				LD_RUNPATH_SEARCH_PATHS = (
					"$(inherited)",
					"@executable_path/Frameworks",
					"@loader_path/Frameworks",
				);
				PRODUCT_BUNDLE_IDENTIFIER = com.sbs.gloomhavenTests;
				PRODUCT_NAME = "$(TARGET_NAME)";
				SWIFT_VERSION = 4.2;
				TARGETED_DEVICE_FAMILY = "1,2";
				TEST_HOST = "$(BUILT_PRODUCTS_DIR)/gloomhaven.app/gloomhaven";
			};
			name = Release;
		};
/* End XCBuildConfiguration section */

/* Begin XCConfigurationList section */
		5A6A1C6422120E5B00A58EAD /* Build configuration list for PBXProject "gloomhaven" */ = {
			isa = XCConfigurationList;
			buildConfigurations = (
				5A6A1C8422120E5C00A58EAD /* Debug */,
				5A6A1C8522120E5C00A58EAD /* Release */,
			);
			defaultConfigurationIsVisible = 0;
			defaultConfigurationName = Release;
		};
		5A6A1C8622120E5C00A58EAD /* Build configuration list for PBXNativeTarget "gloomhaven" */ = {
			isa = XCConfigurationList;
			buildConfigurations = (
				5A6A1C8722120E5C00A58EAD /* Debug */,
				5A6A1C8822120E5C00A58EAD /* Release */,
			);
			defaultConfigurationIsVisible = 0;
			defaultConfigurationName = Release;
		};
		5A6A1C8922120E5C00A58EAD /* Build configuration list for PBXNativeTarget "gloomhavenTests" */ = {
			isa = XCConfigurationList;
			buildConfigurations = (
				5A6A1C8A22120E5C00A58EAD /* Debug */,
				5A6A1C8B22120E5C00A58EAD /* Release */,
			);
			defaultConfigurationIsVisible = 0;
			defaultConfigurationName = Release;
		};
/* End XCConfigurationList section */
	};
	rootObject = 5A6A1C6122120E5B00A58EAD /* Project object */;
}
