// !$*UTF8*$!
{
	archiveVersion = 1;
	classes = {
	};
	objectVersion = 50;
	objects = {

/* Begin PBXBuildFile section */
		5A09888F22B57301000A1F90 /* AddMonsterFormCell.swift in Sources */ = {isa = PBXBuildFile; fileRef = 5A09888E22B57301000A1F90 /* AddMonsterFormCell.swift */; };
		5A09889122B578DF000A1F90 /* UIColor+hex.swift in Sources */ = {isa = PBXBuildFile; fileRef = 5A09889022B578DF000A1F90 /* UIColor+hex.swift */; };
		5A09889322B57941000A1F90 /* Colors.swift in Sources */ = {isa = PBXBuildFile; fileRef = 5A09889222B57941000A1F90 /* Colors.swift */; };
		5A34CEC822121D45002F2980 /* LaunchScreen.storyboard in Resources */ = {isa = PBXBuildFile; fileRef = 5A34CEC722121D45002F2980 /* LaunchScreen.storyboard */; };
		5A34CECB22121DD3002F2980 /* MonstersGalleryViewController.swift in Sources */ = {isa = PBXBuildFile; fileRef = 5A34CEC922121DD3002F2980 /* MonstersGalleryViewController.swift */; };
		5A34CECE22121F7C002F2980 /* MonstersGallery.storyboard in Resources */ = {isa = PBXBuildFile; fileRef = 5A34CECD22121F7C002F2980 /* MonstersGallery.storyboard */; };
		5A417BBB22B519D900CE332A /* StartSceneFormModule.swift in Sources */ = {isa = PBXBuildFile; fileRef = 5A417BBA22B519D900CE332A /* StartSceneFormModule.swift */; };
		5A417BBD22B51A0E00CE332A /* StartSceneForm.storyboard in Resources */ = {isa = PBXBuildFile; fileRef = 5A417BBC22B51A0E00CE332A /* StartSceneForm.storyboard */; };
		5A417BBF22B51B4C00CE332A /* StartSceneFormViewController.swift in Sources */ = {isa = PBXBuildFile; fileRef = 5A417BBE22B51B4C00CE332A /* StartSceneFormViewController.swift */; };
		5A417BC122B51DE800CE332A /* MainModule.swift in Sources */ = {isa = PBXBuildFile; fileRef = 5A417BC022B51DE800CE332A /* MainModule.swift */; };
		5A417BC322B520FD00CE332A /* SelectLevelButton.swift in Sources */ = {isa = PBXBuildFile; fileRef = 5A417BC222B520FD00CE332A /* SelectLevelButton.swift */; };
		5A417BC522B5268900CE332A /* UIImage+color.swift in Sources */ = {isa = PBXBuildFile; fileRef = 5A417BC422B5268900CE332A /* UIImage+color.swift */; };
		5A417BC822B52C4800CE332A /* SceneModule.swift in Sources */ = {isa = PBXBuildFile; fileRef = 5A417BC722B52C4800CE332A /* SceneModule.swift */; };
		5A417BCA22B52C6900CE332A /* Scene.storyboard in Resources */ = {isa = PBXBuildFile; fileRef = 5A417BC922B52C6900CE332A /* Scene.storyboard */; };
		5A417BCC22B52DB400CE332A /* SceneViewController.swift in Sources */ = {isa = PBXBuildFile; fileRef = 5A417BCB22B52DB400CE332A /* SceneViewController.swift */; };
		5A417BCF22B53FDF00CE332A /* AddMonsterFormModule.swift in Sources */ = {isa = PBXBuildFile; fileRef = 5A417BCE22B53FDF00CE332A /* AddMonsterFormModule.swift */; };
		5A417BD122B5401C00CE332A /* AddMonsterForm.storyboard in Resources */ = {isa = PBXBuildFile; fileRef = 5A417BD022B5401C00CE332A /* AddMonsterForm.storyboard */; };
		5A417BD322B5404100CE332A /* AddMonsterFormViewController.swift in Sources */ = {isa = PBXBuildFile; fileRef = 5A417BD222B5404100CE332A /* AddMonsterFormViewController.swift */; };
		5A45685422B4FDD8007BD436 /* Main.storyboard in Resources */ = {isa = PBXBuildFile; fileRef = 5A45685322B4FDD8007BD436 /* Main.storyboard */; };
		5A45685622B4FEF2007BD436 /* MainViewController.swift in Sources */ = {isa = PBXBuildFile; fileRef = 5A45685522B4FEF2007BD436 /* MainViewController.swift */; };
		5A45685822B4FF69007BD436 /* MonstersGalleryModule.swift in Sources */ = {isa = PBXBuildFile; fileRef = 5A45685722B4FF69007BD436 /* MonstersGalleryModule.swift */; };
		5A45685B22B50053007BD436 /* Appearance.swift in Sources */ = {isa = PBXBuildFile; fileRef = 5A45685A22B50053007BD436 /* Appearance.swift */; };
		5A45685E22B50085007BD436 /* Button.swift in Sources */ = {isa = PBXBuildFile; fileRef = 5A45685D22B50085007BD436 /* Button.swift */; };
		5A45686322B50621007BD436 /* Label.swift in Sources */ = {isa = PBXBuildFile; fileRef = 5A45686222B50621007BD436 /* Label.swift */; };
		5A547FCC221A17A7006760EE /* FontsTests.swift in Sources */ = {isa = PBXBuildFile; fileRef = 5A547FCB221A17A7006760EE /* FontsTests.swift */; };
		5A62B648221A087D00B98CCD /* EffectIconsTests.swift in Sources */ = {isa = PBXBuildFile; fileRef = 5A62B647221A087D00B98CCD /* EffectIconsTests.swift */; };
		5A62B64A221A0AF300B98CCD /* Effect.swift in Sources */ = {isa = PBXBuildFile; fileRef = 5A62B649221A0AF200B98CCD /* Effect.swift */; };
		5A62B64C221A144900B98CCD /* Fonts.swift in Sources */ = {isa = PBXBuildFile; fileRef = 5A62B64B221A144900B98CCD /* Fonts.swift */; };
		5A6A1C6D22120E5B00A58EAD /* AppDelegate.swift in Sources */ = {isa = PBXBuildFile; fileRef = 5A6A1C6C22120E5B00A58EAD /* AppDelegate.swift */; };
		5A6A1C7422120E5C00A58EAD /* Assets.xcassets in Resources */ = {isa = PBXBuildFile; fileRef = 5A6A1C7322120E5C00A58EAD /* Assets.xcassets */; };
		5A6A1C8222120E5C00A58EAD /* MonsterTraitsParseTests.swift in Sources */ = {isa = PBXBuildFile; fileRef = 5A6A1C8122120E5C00A58EAD /* MonsterTraitsParseTests.swift */; };
		5A6A1C8E2212145D00A58EAD /* Monster.swift in Sources */ = {isa = PBXBuildFile; fileRef = 5A6A1C8D2212145D00A58EAD /* Monster.swift */; };
		5A97A2802219DF77004B75D1 /* MonstersParser.swift in Sources */ = {isa = PBXBuildFile; fileRef = 5A97A27F2219DF77004B75D1 /* MonstersParser.swift */; };
		5A97A2822219DFC7004B75D1 /* MonsterTraitsParser.swift in Sources */ = {isa = PBXBuildFile; fileRef = 5A97A2812219DFC7004B75D1 /* MonsterTraitsParser.swift */; };
		5A97A2842219E081004B75D1 /* MonsterParserTests.swift in Sources */ = {isa = PBXBuildFile; fileRef = 5A97A2832219E081004B75D1 /* MonsterParserTests.swift */; };
		5A97A28D2219EEC5004B75D1 /* HighTower.ttf in Resources */ = {isa = PBXBuildFile; fileRef = 5A97A28A2219EEC5004B75D1 /* HighTower.ttf */; };
		5A97A28E2219EEC5004B75D1 /* PirataOne.ttf in Resources */ = {isa = PBXBuildFile; fileRef = 5A97A28B2219EEC5004B75D1 /* PirataOne.ttf */; };
		5A97A28F2219EEC5004B75D1 /* Nyala.ttf in Resources */ = {isa = PBXBuildFile; fileRef = 5A97A28C2219EEC5004B75D1 /* Nyala.ttf */; };
		5A97A2922219EED6004B75D1 /* monsters.json in Resources */ = {isa = PBXBuildFile; fileRef = 5A97A2912219EED6004B75D1 /* monsters.json */; };
		5A97A2992219FDC1004B75D1 /* UIImage+tinted.swift in Sources */ = {isa = PBXBuildFile; fileRef = 5A97A2982219FDC1004B75D1 /* UIImage+tinted.swift */; };
		5AAAD4F42218028D00ECC54C /* MonstersGalleryPresenter.swift in Sources */ = {isa = PBXBuildFile; fileRef = 5AAAD4F32218028D00ECC54C /* MonstersGalleryPresenter.swift */; };
		5AAAD4F6221802B400ECC54C /* MonstersRepository.swift in Sources */ = {isa = PBXBuildFile; fileRef = 5AAAD4F5221802B400ECC54C /* MonstersRepository.swift */; };
		5AAF81012213675C007301E8 /* MonsterCell.swift in Sources */ = {isa = PBXBuildFile; fileRef = 5AAF81002213675C007301E8 /* MonsterCell.swift */; };
		5AEE56BC22B835D900A9232F /* AddMonsterFormPresenter.swift in Sources */ = {isa = PBXBuildFile; fileRef = 5AEE56BB22B835D900A9232F /* AddMonsterFormPresenter.swift */; };
		5AF1062222BC0E2B003B5A2F /* MonsterGalleryRouter.swift in Sources */ = {isa = PBXBuildFile; fileRef = 5AF1062122BC0E2B003B5A2F /* MonsterGalleryRouter.swift */; };
		5AF1062522BC0FD9003B5A2F /* MonsterDetailModule.swift in Sources */ = {isa = PBXBuildFile; fileRef = 5AF1062422BC0FD9003B5A2F /* MonsterDetailModule.swift */; };
		5AF1062722BC0FFC003B5A2F /* MonsterDetailViewController.swift in Sources */ = {isa = PBXBuildFile; fileRef = 5AF1062622BC0FFC003B5A2F /* MonsterDetailViewController.swift */; };
		5AF1062922BC10DD003B5A2F /* MonsterDetail.storyboard in Resources */ = {isa = PBXBuildFile; fileRef = 5AF1062822BC10DD003B5A2F /* MonsterDetail.storyboard */; };
		5AF1062D22BC2437003B5A2F /* MonsterDetailCell.swift in Sources */ = {isa = PBXBuildFile; fileRef = 5AF1062C22BC2437003B5A2F /* MonsterDetailCell.swift */; };
/* End PBXBuildFile section */

/* Begin PBXContainerItemProxy section */
		5A6A1C7E22120E5C00A58EAD /* PBXContainerItemProxy */ = {
			isa = PBXContainerItemProxy;
			containerPortal = 5A6A1C6122120E5B00A58EAD /* Project object */;
			proxyType = 1;
			remoteGlobalIDString = 5A6A1C6822120E5B00A58EAD;
			remoteInfo = gloomhaven;
		};
/* End PBXContainerItemProxy section */

/* Begin PBXFileReference section */
		5A09888E22B57301000A1F90 /* AddMonsterFormCell.swift */ = {isa = PBXFileReference; lastKnownFileType = sourcecode.swift; path = AddMonsterFormCell.swift; sourceTree = "<group>"; };
		5A09889022B578DF000A1F90 /* UIColor+hex.swift */ = {isa = PBXFileReference; lastKnownFileType = sourcecode.swift; path = "UIColor+hex.swift"; sourceTree = "<group>"; };
		5A09889222B57941000A1F90 /* Colors.swift */ = {isa = PBXFileReference; lastKnownFileType = sourcecode.swift; path = Colors.swift; sourceTree = "<group>"; };
		5A34CEC722121D45002F2980 /* LaunchScreen.storyboard */ = {isa = PBXFileReference; fileEncoding = 4; lastKnownFileType = file.storyboard; path = LaunchScreen.storyboard; sourceTree = "<group>"; };
		5A34CEC922121DD3002F2980 /* MonstersGalleryViewController.swift */ = {isa = PBXFileReference; lastKnownFileType = sourcecode.swift; path = MonstersGalleryViewController.swift; sourceTree = "<group>"; };
		5A34CECD22121F7C002F2980 /* MonstersGallery.storyboard */ = {isa = PBXFileReference; lastKnownFileType = file.storyboard; path = MonstersGallery.storyboard; sourceTree = "<group>"; };
		5A417BBA22B519D900CE332A /* StartSceneFormModule.swift */ = {isa = PBXFileReference; lastKnownFileType = sourcecode.swift; path = StartSceneFormModule.swift; sourceTree = "<group>"; };
		5A417BBC22B51A0E00CE332A /* StartSceneForm.storyboard */ = {isa = PBXFileReference; lastKnownFileType = file.storyboard; path = StartSceneForm.storyboard; sourceTree = "<group>"; };
		5A417BBE22B51B4C00CE332A /* StartSceneFormViewController.swift */ = {isa = PBXFileReference; lastKnownFileType = sourcecode.swift; path = StartSceneFormViewController.swift; sourceTree = "<group>"; };
		5A417BC022B51DE800CE332A /* MainModule.swift */ = {isa = PBXFileReference; lastKnownFileType = sourcecode.swift; path = MainModule.swift; sourceTree = "<group>"; };
		5A417BC222B520FD00CE332A /* SelectLevelButton.swift */ = {isa = PBXFileReference; lastKnownFileType = sourcecode.swift; path = SelectLevelButton.swift; sourceTree = "<group>"; };
		5A417BC422B5268900CE332A /* UIImage+color.swift */ = {isa = PBXFileReference; lastKnownFileType = sourcecode.swift; path = "UIImage+color.swift"; sourceTree = "<group>"; };
		5A417BC722B52C4800CE332A /* SceneModule.swift */ = {isa = PBXFileReference; lastKnownFileType = sourcecode.swift; path = SceneModule.swift; sourceTree = "<group>"; };
		5A417BC922B52C6900CE332A /* Scene.storyboard */ = {isa = PBXFileReference; lastKnownFileType = file.storyboard; path = Scene.storyboard; sourceTree = "<group>"; };
		5A417BCB22B52DB400CE332A /* SceneViewController.swift */ = {isa = PBXFileReference; lastKnownFileType = sourcecode.swift; path = SceneViewController.swift; sourceTree = "<group>"; };
		5A417BCE22B53FDF00CE332A /* AddMonsterFormModule.swift */ = {isa = PBXFileReference; lastKnownFileType = sourcecode.swift; path = AddMonsterFormModule.swift; sourceTree = "<group>"; };
		5A417BD022B5401C00CE332A /* AddMonsterForm.storyboard */ = {isa = PBXFileReference; lastKnownFileType = file.storyboard; path = AddMonsterForm.storyboard; sourceTree = "<group>"; };
		5A417BD222B5404100CE332A /* AddMonsterFormViewController.swift */ = {isa = PBXFileReference; lastKnownFileType = sourcecode.swift; path = AddMonsterFormViewController.swift; sourceTree = "<group>"; };
		5A45685322B4FDD8007BD436 /* Main.storyboard */ = {isa = PBXFileReference; lastKnownFileType = file.storyboard; path = Main.storyboard; sourceTree = "<group>"; };
		5A45685522B4FEF2007BD436 /* MainViewController.swift */ = {isa = PBXFileReference; lastKnownFileType = sourcecode.swift; path = MainViewController.swift; sourceTree = "<group>"; };
		5A45685722B4FF69007BD436 /* MonstersGalleryModule.swift */ = {isa = PBXFileReference; lastKnownFileType = sourcecode.swift; path = MonstersGalleryModule.swift; sourceTree = "<group>"; };
		5A45685A22B50053007BD436 /* Appearance.swift */ = {isa = PBXFileReference; lastKnownFileType = sourcecode.swift; path = Appearance.swift; sourceTree = "<group>"; };
		5A45685D22B50085007BD436 /* Button.swift */ = {isa = PBXFileReference; lastKnownFileType = sourcecode.swift; path = Button.swift; sourceTree = "<group>"; };
		5A45686222B50621007BD436 /* Label.swift */ = {isa = PBXFileReference; lastKnownFileType = sourcecode.swift; path = Label.swift; sourceTree = "<group>"; };
		5A547FCB221A17A7006760EE /* FontsTests.swift */ = {isa = PBXFileReference; lastKnownFileType = sourcecode.swift; path = FontsTests.swift; sourceTree = "<group>"; };
		5A62B647221A087D00B98CCD /* EffectIconsTests.swift */ = {isa = PBXFileReference; lastKnownFileType = sourcecode.swift; path = EffectIconsTests.swift; sourceTree = "<group>"; };
		5A62B649221A0AF200B98CCD /* Effect.swift */ = {isa = PBXFileReference; lastKnownFileType = sourcecode.swift; path = Effect.swift; sourceTree = "<group>"; };
		5A62B64B221A144900B98CCD /* Fonts.swift */ = {isa = PBXFileReference; lastKnownFileType = sourcecode.swift; path = Fonts.swift; sourceTree = "<group>"; };
		5A6A1C6922120E5B00A58EAD /* gloomhaven.app */ = {isa = PBXFileReference; explicitFileType = wrapper.application; includeInIndex = 0; path = gloomhaven.app; sourceTree = BUILT_PRODUCTS_DIR; };
		5A6A1C6C22120E5B00A58EAD /* AppDelegate.swift */ = {isa = PBXFileReference; lastKnownFileType = sourcecode.swift; path = AppDelegate.swift; sourceTree = "<group>"; };
		5A6A1C7322120E5C00A58EAD /* Assets.xcassets */ = {isa = PBXFileReference; lastKnownFileType = folder.assetcatalog; path = Assets.xcassets; sourceTree = "<group>"; };
		5A6A1C7822120E5C00A58EAD /* Info.plist */ = {isa = PBXFileReference; lastKnownFileType = text.plist.xml; path = Info.plist; sourceTree = "<group>"; };
		5A6A1C7D22120E5C00A58EAD /* gloomhavenTests.xctest */ = {isa = PBXFileReference; explicitFileType = wrapper.cfbundle; includeInIndex = 0; path = gloomhavenTests.xctest; sourceTree = BUILT_PRODUCTS_DIR; };
		5A6A1C8122120E5C00A58EAD /* MonsterTraitsParseTests.swift */ = {isa = PBXFileReference; lastKnownFileType = sourcecode.swift; path = MonsterTraitsParseTests.swift; sourceTree = "<group>"; };
		5A6A1C8322120E5C00A58EAD /* Info.plist */ = {isa = PBXFileReference; lastKnownFileType = text.plist.xml; path = Info.plist; sourceTree = "<group>"; };
		5A6A1C8D2212145D00A58EAD /* Monster.swift */ = {isa = PBXFileReference; lastKnownFileType = sourcecode.swift; path = Monster.swift; sourceTree = "<group>"; };
		5A97A27F2219DF77004B75D1 /* MonstersParser.swift */ = {isa = PBXFileReference; lastKnownFileType = sourcecode.swift; path = MonstersParser.swift; sourceTree = "<group>"; };
		5A97A2812219DFC7004B75D1 /* MonsterTraitsParser.swift */ = {isa = PBXFileReference; lastKnownFileType = sourcecode.swift; path = MonsterTraitsParser.swift; sourceTree = "<group>"; };
		5A97A2832219E081004B75D1 /* MonsterParserTests.swift */ = {isa = PBXFileReference; lastKnownFileType = sourcecode.swift; path = MonsterParserTests.swift; sourceTree = "<group>"; };
		5A97A28A2219EEC5004B75D1 /* HighTower.ttf */ = {isa = PBXFileReference; lastKnownFileType = file; path = HighTower.ttf; sourceTree = "<group>"; };
		5A97A28B2219EEC5004B75D1 /* PirataOne.ttf */ = {isa = PBXFileReference; lastKnownFileType = file; path = PirataOne.ttf; sourceTree = "<group>"; };
		5A97A28C2219EEC5004B75D1 /* Nyala.ttf */ = {isa = PBXFileReference; lastKnownFileType = file; path = Nyala.ttf; sourceTree = "<group>"; };
		5A97A2912219EED6004B75D1 /* monsters.json */ = {isa = PBXFileReference; fileEncoding = 4; lastKnownFileType = text.json; path = monsters.json; sourceTree = "<group>"; };
		5A97A2982219FDC1004B75D1 /* UIImage+tinted.swift */ = {isa = PBXFileReference; lastKnownFileType = sourcecode.swift; path = "UIImage+tinted.swift"; sourceTree = "<group>"; };
		5AAAD4F32218028D00ECC54C /* MonstersGalleryPresenter.swift */ = {isa = PBXFileReference; lastKnownFileType = sourcecode.swift; path = MonstersGalleryPresenter.swift; sourceTree = "<group>"; };
		5AAAD4F5221802B400ECC54C /* MonstersRepository.swift */ = {isa = PBXFileReference; lastKnownFileType = sourcecode.swift; path = MonstersRepository.swift; sourceTree = "<group>"; };
		5AAF81002213675C007301E8 /* MonsterCell.swift */ = {isa = PBXFileReference; lastKnownFileType = sourcecode.swift; path = MonsterCell.swift; sourceTree = "<group>"; };
		5AEE56BB22B835D900A9232F /* AddMonsterFormPresenter.swift */ = {isa = PBXFileReference; lastKnownFileType = sourcecode.swift; path = AddMonsterFormPresenter.swift; sourceTree = "<group>"; };
		5AF1062122BC0E2B003B5A2F /* MonsterGalleryRouter.swift */ = {isa = PBXFileReference; lastKnownFileType = sourcecode.swift; path = MonsterGalleryRouter.swift; sourceTree = "<group>"; };
		5AF1062422BC0FD9003B5A2F /* MonsterDetailModule.swift */ = {isa = PBXFileReference; lastKnownFileType = sourcecode.swift; path = MonsterDetailModule.swift; sourceTree = "<group>"; };
		5AF1062622BC0FFC003B5A2F /* MonsterDetailViewController.swift */ = {isa = PBXFileReference; lastKnownFileType = sourcecode.swift; path = MonsterDetailViewController.swift; sourceTree = "<group>"; };
		5AF1062822BC10DD003B5A2F /* MonsterDetail.storyboard */ = {isa = PBXFileReference; lastKnownFileType = file.storyboard; path = MonsterDetail.storyboard; sourceTree = "<group>"; };
		5AF1062C22BC2437003B5A2F /* MonsterDetailCell.swift */ = {isa = PBXFileReference; lastKnownFileType = sourcecode.swift; path = MonsterDetailCell.swift; sourceTree = "<group>"; };
/* End PBXFileReference section */

/* Begin PBXFrameworksBuildPhase section */
		5A6A1C6622120E5B00A58EAD /* Frameworks */ = {
			isa = PBXFrameworksBuildPhase;
			buildActionMask = 2147483647;
			files = (
			);
			runOnlyForDeploymentPostprocessing = 0;
		};
		5A6A1C7A22120E5C00A58EAD /* Frameworks */ = {
			isa = PBXFrameworksBuildPhase;
			buildActionMask = 2147483647;
			files = (
			);
			runOnlyForDeploymentPostprocessing = 0;
		};
/* End PBXFrameworksBuildPhase section */

/* Begin PBXGroup section */
		5A34CEC522121CB3002F2980 /* Modules */ = {
			isa = PBXGroup;
			children = (
				5A45685222B4FDCE007BD436 /* Main */,
				5A417BB922B519CC00CE332A /* StartSceneForm */,
				5A417BC622B52C3F00CE332A /* Scene */,
				5A417BCD22B53FD200CE332A /* AddMonsterForm */,
				5AF1062322BC0FBD003B5A2F /* MonsterDetail */,
				5ADCAD952219BD430036171B /* MonstersGallery */,
			);
			path = Modules;
			sourceTree = "<group>";
		};
		5A34CEC622121CE8002F2980 /* Resources */ = {
			isa = PBXGroup;
			children = (
				5A97A2902219EED6004B75D1 /* Data */,
				5A97A2892219EEC5004B75D1 /* Fonts */,
				5A34CEC722121D45002F2980 /* LaunchScreen.storyboard */,
				5A6A1C7322120E5C00A58EAD /* Assets.xcassets */,
			);
			path = Resources;
			sourceTree = "<group>";
		};
		5A417BB922B519CC00CE332A /* StartSceneForm */ = {
			isa = PBXGroup;
			children = (
				5A417BBA22B519D900CE332A /* StartSceneFormModule.swift */,
				5A417BBC22B51A0E00CE332A /* StartSceneForm.storyboard */,
				5A417BBE22B51B4C00CE332A /* StartSceneFormViewController.swift */,
				5A417BC222B520FD00CE332A /* SelectLevelButton.swift */,
			);
			path = StartSceneForm;
			sourceTree = "<group>";
		};
		5A417BC622B52C3F00CE332A /* Scene */ = {
			isa = PBXGroup;
			children = (
				5A417BC722B52C4800CE332A /* SceneModule.swift */,
				5A417BC922B52C6900CE332A /* Scene.storyboard */,
				5A417BCB22B52DB400CE332A /* SceneViewController.swift */,
			);
			path = Scene;
			sourceTree = "<group>";
		};
		5A417BCD22B53FD200CE332A /* AddMonsterForm */ = {
			isa = PBXGroup;
			children = (
				5A417BCE22B53FDF00CE332A /* AddMonsterFormModule.swift */,
				5A417BD022B5401C00CE332A /* AddMonsterForm.storyboard */,
				5A417BD222B5404100CE332A /* AddMonsterFormViewController.swift */,
				5A09888E22B57301000A1F90 /* AddMonsterFormCell.swift */,
				5AEE56BB22B835D900A9232F /* AddMonsterFormPresenter.swift */,
			);
			path = AddMonsterForm;
			sourceTree = "<group>";
		};
		5A45685122B4FD3F007BD436 /* Monsters */ = {
			isa = PBXGroup;
			children = (
				5AAAD4F5221802B400ECC54C /* MonstersRepository.swift */,
				5A97A27F2219DF77004B75D1 /* MonstersParser.swift */,
				5A97A2812219DFC7004B75D1 /* MonsterTraitsParser.swift */,
			);
			path = Monsters;
			sourceTree = "<group>";
		};
		5A45685222B4FDCE007BD436 /* Main */ = {
			isa = PBXGroup;
			children = (
				5A417BC022B51DE800CE332A /* MainModule.swift */,
				5A45685322B4FDD8007BD436 /* Main.storyboard */,
				5A45685522B4FEF2007BD436 /* MainViewController.swift */,
			);
			path = Main;
			sourceTree = "<group>";
		};
		5A45685922B50047007BD436 /* Base */ = {
			isa = PBXGroup;
			children = (
				5A45685A22B50053007BD436 /* Appearance.swift */,
				5A62B64B221A144900B98CCD /* Fonts.swift */,
				5A09889222B57941000A1F90 /* Colors.swift */,
				5A45685C22B5007E007BD436 /* Views */,
			);
			path = Base;
			sourceTree = "<group>";
		};
		5A45685C22B5007E007BD436 /* Views */ = {
			isa = PBXGroup;
			children = (
				5A45685D22B50085007BD436 /* Button.swift */,
				5A45686222B50621007BD436 /* Label.swift */,
			);
			path = Views;
			sourceTree = "<group>";
		};
		5A6A1C6022120E5B00A58EAD = {
			isa = PBXGroup;
			children = (
				5A6A1C6B22120E5B00A58EAD /* gloomhaven */,
				5A6A1C8022120E5C00A58EAD /* gloomhavenTests */,
				5A6A1C6A22120E5B00A58EAD /* Products */,
			);
			sourceTree = "<group>";
		};
		5A6A1C6A22120E5B00A58EAD /* Products */ = {
			isa = PBXGroup;
			children = (
				5A6A1C6922120E5B00A58EAD /* gloomhaven.app */,
				5A6A1C7D22120E5C00A58EAD /* gloomhavenTests.xctest */,
			);
			name = Products;
			sourceTree = "<group>";
		};
		5A6A1C6B22120E5B00A58EAD /* gloomhaven */ = {
			isa = PBXGroup;
			children = (
				5A6A1C6C22120E5B00A58EAD /* AppDelegate.swift */,
				5A6A1C7822120E5C00A58EAD /* Info.plist */,
				5A45685922B50047007BD436 /* Base */,
				5A34CEC522121CB3002F2980 /* Modules */,
				5A97A27E2219DF44004B75D1 /* Repository */,
				5A6A1C8C2212145600A58EAD /* Model */,
				5A97A2972219FD79004B75D1 /* Utils */,
				5A34CEC622121CE8002F2980 /* Resources */,
			);
			path = gloomhaven;
			sourceTree = "<group>";
		};
		5A6A1C8022120E5C00A58EAD /* gloomhavenTests */ = {
			isa = PBXGroup;
			children = (
				5A97A2832219E081004B75D1 /* MonsterParserTests.swift */,
				5A6A1C8122120E5C00A58EAD /* MonsterTraitsParseTests.swift */,
				5A62B647221A087D00B98CCD /* EffectIconsTests.swift */,
				5A547FCB221A17A7006760EE /* FontsTests.swift */,
				5A6A1C8322120E5C00A58EAD /* Info.plist */,
			);
			path = gloomhavenTests;
			sourceTree = "<group>";
		};
		5A6A1C8C2212145600A58EAD /* Model */ = {
			isa = PBXGroup;
			children = (
				5A6A1C8D2212145D00A58EAD /* Monster.swift */,
				5A62B649221A0AF200B98CCD /* Effect.swift */,
			);
			path = Model;
			sourceTree = "<group>";
		};
		5A97A27E2219DF44004B75D1 /* Repository */ = {
			isa = PBXGroup;
			children = (
				5A45685122B4FD3F007BD436 /* Monsters */,
			);
			path = Repository;
			sourceTree = "<group>";
		};
		5A97A2892219EEC5004B75D1 /* Fonts */ = {
			isa = PBXGroup;
			children = (
				5A97A28A2219EEC5004B75D1 /* HighTower.ttf */,
				5A97A28B2219EEC5004B75D1 /* PirataOne.ttf */,
				5A97A28C2219EEC5004B75D1 /* Nyala.ttf */,
			);
			path = Fonts;
			sourceTree = "<group>";
		};
		5A97A2902219EED6004B75D1 /* Data */ = {
			isa = PBXGroup;
			children = (
				5A97A2912219EED6004B75D1 /* monsters.json */,
			);
			path = Data;
			sourceTree = "<group>";
		};
		5A97A2972219FD79004B75D1 /* Utils */ = {
			isa = PBXGroup;
			children = (
				5A97A2982219FDC1004B75D1 /* UIImage+tinted.swift */,
				5A417BC422B5268900CE332A /* UIImage+color.swift */,
				5A09889022B578DF000A1F90 /* UIColor+hex.swift */,
			);
			path = Utils;
			sourceTree = "<group>";
		};
		5ADCAD952219BD430036171B /* MonstersGallery */ = {
			isa = PBXGroup;
			children = (
				5A45685722B4FF69007BD436 /* MonstersGalleryModule.swift */,
				5A34CECD22121F7C002F2980 /* MonstersGallery.storyboard */,
				5A34CEC922121DD3002F2980 /* MonstersGalleryViewController.swift */,
				5AAF81002213675C007301E8 /* MonsterCell.swift */,
				5AAAD4F32218028D00ECC54C /* MonstersGalleryPresenter.swift */,
				5AF1062122BC0E2B003B5A2F /* MonsterGalleryRouter.swift */,
			);
			path = MonstersGallery;
			sourceTree = "<group>";
		};
		5AF1062322BC0FBD003B5A2F /* MonsterDetail */ = {
			isa = PBXGroup;
			children = (
				5AF1062422BC0FD9003B5A2F /* MonsterDetailModule.swift */,
				5AF1062822BC10DD003B5A2F /* MonsterDetail.storyboard */,
				5AF1062622BC0FFC003B5A2F /* MonsterDetailViewController.swift */,
				5AF1062C22BC2437003B5A2F /* MonsterDetailCell.swift */,
			);
			path = MonsterDetail;
			sourceTree = "<group>";
		};
/* End PBXGroup section */

/* Begin PBXNativeTarget section */
		5A6A1C6822120E5B00A58EAD /* gloomhaven */ = {
			isa = PBXNativeTarget;
			buildConfigurationList = 5A6A1C8622120E5C00A58EAD /* Build configuration list for PBXNativeTarget "gloomhaven" */;
			buildPhases = (
				5A741AE922B4F1E8000E18BB /* Swiftlint */,
				5A6A1C6522120E5B00A58EAD /* Sources */,
				5A6A1C6622120E5B00A58EAD /* Frameworks */,
				5A6A1C6722120E5B00A58EAD /* Resources */,
			);
			buildRules = (
			);
			dependencies = (
			);
			name = gloomhaven;
			productName = gloomhaven;
			productReference = 5A6A1C6922120E5B00A58EAD /* gloomhaven.app */;
			productType = "com.apple.product-type.application";
		};
		5A6A1C7C22120E5C00A58EAD /* gloomhavenTests */ = {
			isa = PBXNativeTarget;
			buildConfigurationList = 5A6A1C8922120E5C00A58EAD /* Build configuration list for PBXNativeTarget "gloomhavenTests" */;
			buildPhases = (
				5A6A1C7922120E5C00A58EAD /* Sources */,
				5A6A1C7A22120E5C00A58EAD /* Frameworks */,
				5A6A1C7B22120E5C00A58EAD /* Resources */,
			);
			buildRules = (
			);
			dependencies = (
				5A6A1C7F22120E5C00A58EAD /* PBXTargetDependency */,
			);
			name = gloomhavenTests;
			productName = gloomhavenTests;
			productReference = 5A6A1C7D22120E5C00A58EAD /* gloomhavenTests.xctest */;
			productType = "com.apple.product-type.bundle.unit-test";
		};
/* End PBXNativeTarget section */

/* Begin PBXProject section */
		5A6A1C6122120E5B00A58EAD /* Project object */ = {
			isa = PBXProject;
			attributes = {
				LastSwiftUpdateCheck = 1010;
				LastUpgradeCheck = 1010;
				ORGANIZATIONNAME = sbs;
				TargetAttributes = {
					5A6A1C6822120E5B00A58EAD = {
						CreatedOnToolsVersion = 10.1;
						LastSwiftMigration = 1020;
					};
					5A6A1C7C22120E5C00A58EAD = {
						CreatedOnToolsVersion = 10.1;
						LastSwiftMigration = 1020;
						TestTargetID = 5A6A1C6822120E5B00A58EAD;
					};
				};
			};
			buildConfigurationList = 5A6A1C6422120E5B00A58EAD /* Build configuration list for PBXProject "gloomhaven" */;
			compatibilityVersion = "Xcode 9.3";
			developmentRegion = en;
			hasScannedForEncodings = 0;
			knownRegions = (
				en,
				Base,
			);
			mainGroup = 5A6A1C6022120E5B00A58EAD;
			productRefGroup = 5A6A1C6A22120E5B00A58EAD /* Products */;
			projectDirPath = "";
			projectRoot = "";
			targets = (
				5A6A1C6822120E5B00A58EAD /* gloomhaven */,
				5A6A1C7C22120E5C00A58EAD /* gloomhavenTests */,
			);
		};
/* End PBXProject section */

/* Begin PBXResourcesBuildPhase section */
		5A6A1C6722120E5B00A58EAD /* Resources */ = {
			isa = PBXResourcesBuildPhase;
			buildActionMask = 2147483647;
			files = (
				5A417BBD22B51A0E00CE332A /* StartSceneForm.storyboard in Resources */,
				5A97A2922219EED6004B75D1 /* monsters.json in Resources */,
				5AF1062922BC10DD003B5A2F /* MonsterDetail.storyboard in Resources */,
				5A97A28E2219EEC5004B75D1 /* PirataOne.ttf in Resources */,
				5A34CECE22121F7C002F2980 /* MonstersGallery.storyboard in Resources */,
				5A6A1C7422120E5C00A58EAD /* Assets.xcassets in Resources */,
				5A45685422B4FDD8007BD436 /* Main.storyboard in Resources */,
				5A34CEC822121D45002F2980 /* LaunchScreen.storyboard in Resources */,
				5A417BCA22B52C6900CE332A /* Scene.storyboard in Resources */,
				5A97A28F2219EEC5004B75D1 /* Nyala.ttf in Resources */,
				5A417BD122B5401C00CE332A /* AddMonsterForm.storyboard in Resources */,
				5A97A28D2219EEC5004B75D1 /* HighTower.ttf in Resources */,
			);
			runOnlyForDeploymentPostprocessing = 0;
		};
		5A6A1C7B22120E5C00A58EAD /* Resources */ = {
			isa = PBXResourcesBuildPhase;
			buildActionMask = 2147483647;
			files = (
			);
			runOnlyForDeploymentPostprocessing = 0;
		};
/* End PBXResourcesBuildPhase section */

/* Begin PBXShellScriptBuildPhase section */
		5A741AE922B4F1E8000E18BB /* Swiftlint */ = {
			isa = PBXShellScriptBuildPhase;
			buildActionMask = 2147483647;
			files = (
			);
			inputFileListPaths = (
			);
			inputPaths = (
			);
			name = Swiftlint;
			outputFileListPaths = (
			);
			outputPaths = (
			);
			runOnlyForDeploymentPostprocessing = 0;
			shellPath = /bin/sh;
			shellScript = "if which swiftlint >/dev/null; then\n    swiftlint \nelse\n    echo \"warning: SwiftLint not installed, download from https://github.com/realm/SwiftLint\"\nfi\n";
		};
/* End PBXShellScriptBuildPhase section */

/* Begin PBXSourcesBuildPhase section */
		5A6A1C6522120E5B00A58EAD /* Sources */ = {
			isa = PBXSourcesBuildPhase;
			buildActionMask = 2147483647;
			files = (
				5A417BCF22B53FDF00CE332A /* AddMonsterFormModule.swift in Sources */,
				5A417BBF22B51B4C00CE332A /* StartSceneFormViewController.swift in Sources */,
				5AF1062722BC0FFC003B5A2F /* MonsterDetailViewController.swift in Sources */,
				5AAAD4F6221802B400ECC54C /* MonstersRepository.swift in Sources */,
				5AAAD4F42218028D00ECC54C /* MonstersGalleryPresenter.swift in Sources */,
				5AF1062D22BC2437003B5A2F /* MonsterDetailCell.swift in Sources */,
				5AAF81012213675C007301E8 /* MonsterCell.swift in Sources */,
				5A45685622B4FEF2007BD436 /* MainViewController.swift in Sources */,
				5A417BD322B5404100CE332A /* AddMonsterFormViewController.swift in Sources */,
				5A62B64A221A0AF300B98CCD /* Effect.swift in Sources */,
				5A417BC322B520FD00CE332A /* SelectLevelButton.swift in Sources */,
				5AF1062522BC0FD9003B5A2F /* MonsterDetailModule.swift in Sources */,
				5A6A1C8E2212145D00A58EAD /* Monster.swift in Sources */,
				5A45686322B50621007BD436 /* Label.swift in Sources */,
				5A62B64C221A144900B98CCD /* Fonts.swift in Sources */,
				5A34CECB22121DD3002F2980 /* MonstersGalleryViewController.swift in Sources */,
				5A417BC122B51DE800CE332A /* MainModule.swift in Sources */,
				5A09888F22B57301000A1F90 /* AddMonsterFormCell.swift in Sources */,
				5A97A2802219DF77004B75D1 /* MonstersParser.swift in Sources */,
				5A6A1C6D22120E5B00A58EAD /* AppDelegate.swift in Sources */,
				5AEE56BC22B835D900A9232F /* AddMonsterFormPresenter.swift in Sources */,
				5A09889322B57941000A1F90 /* Colors.swift in Sources */,
				5A45685E22B50085007BD436 /* Button.swift in Sources */,
				5A417BBB22B519D900CE332A /* StartSceneFormModule.swift in Sources */,
				5A417BC822B52C4800CE332A /* SceneModule.swift in Sources */,
				5AF1062222BC0E2B003B5A2F /* MonsterGalleryRouter.swift in Sources */,
				5A97A2992219FDC1004B75D1 /* UIImage+tinted.swift in Sources */,
				5A417BCC22B52DB400CE332A /* SceneViewController.swift in Sources */,
				5A45685B22B50053007BD436 /* Appearance.swift in Sources */,
				5A417BC522B5268900CE332A /* UIImage+color.swift in Sources */,
				5A09889122B578DF000A1F90 /* UIColor+hex.swift in Sources */,
				5A97A2822219DFC7004B75D1 /* MonsterTraitsParser.swift in Sources */,
				5A45685822B4FF69007BD436 /* MonstersGalleryModule.swift in Sources */,
			);
			runOnlyForDeploymentPostprocessing = 0;
		};
		5A6A1C7922120E5C00A58EAD /* Sources */ = {
			isa = PBXSourcesBuildPhase;
			buildActionMask = 2147483647;
			files = (
				5A6A1C8222120E5C00A58EAD /* MonsterTraitsParseTests.swift in Sources */,
				5A62B648221A087D00B98CCD /* EffectIconsTests.swift in Sources */,
				5A97A2842219E081004B75D1 /* MonsterParserTests.swift in Sources */,
				5A547FCC221A17A7006760EE /* FontsTests.swift in Sources */,
			);
			runOnlyForDeploymentPostprocessing = 0;
		};
/* End PBXSourcesBuildPhase section */

/* Begin PBXTargetDependency section */
		5A6A1C7F22120E5C00A58EAD /* PBXTargetDependency */ = {
			isa = PBXTargetDependency;
			target = 5A6A1C6822120E5B00A58EAD /* gloomhaven */;
			targetProxy = 5A6A1C7E22120E5C00A58EAD /* PBXContainerItemProxy */;
		};
/* End PBXTargetDependency section */

/* Begin XCBuildConfiguration section */
		5A6A1C8422120E5C00A58EAD /* Debug */ = {
			isa = XCBuildConfiguration;
			buildSettings = {
				ALWAYS_SEARCH_USER_PATHS = NO;
				CLANG_ANALYZER_NONNULL = YES;
				CLANG_ANALYZER_NUMBER_OBJECT_CONVERSION = YES_AGGRESSIVE;
				CLANG_CXX_LANGUAGE_STANDARD = "gnu++14";
				CLANG_CXX_LIBRARY = "libc++";
				CLANG_ENABLE_MODULES = YES;
				CLANG_ENABLE_OBJC_ARC = YES;
				CLANG_ENABLE_OBJC_WEAK = YES;
				CLANG_WARN_BLOCK_CAPTURE_AUTORELEASING = YES;
				CLANG_WARN_BOOL_CONVERSION = YES;
				CLANG_WARN_COMMA = YES;
				CLANG_WARN_CONSTANT_CONVERSION = YES;
				CLANG_WARN_DEPRECATED_OBJC_IMPLEMENTATIONS = YES;
				CLANG_WARN_DIRECT_OBJC_ISA_USAGE = YES_ERROR;
				CLANG_WARN_DOCUMENTATION_COMMENTS = YES;
				CLANG_WARN_EMPTY_BODY = YES;
				CLANG_WARN_ENUM_CONVERSION = YES;
				CLANG_WARN_INFINITE_RECURSION = YES;
				CLANG_WARN_INT_CONVERSION = YES;
				CLANG_WARN_NON_LITERAL_NULL_CONVERSION = YES;
				CLANG_WARN_OBJC_IMPLICIT_RETAIN_SELF = YES;
				CLANG_WARN_OBJC_LITERAL_CONVERSION = YES;
				CLANG_WARN_OBJC_ROOT_CLASS = YES_ERROR;
				CLANG_WARN_RANGE_LOOP_ANALYSIS = YES;
				CLANG_WARN_STRICT_PROTOTYPES = YES;
				CLANG_WARN_SUSPICIOUS_MOVE = YES;
				CLANG_WARN_UNGUARDED_AVAILABILITY = YES_AGGRESSIVE;
				CLANG_WARN_UNREACHABLE_CODE = YES;
				CLANG_WARN__DUPLICATE_METHOD_MATCH = YES;
				CODE_SIGN_IDENTITY = "iPhone Developer";
				COPY_PHASE_STRIP = NO;
				DEBUG_INFORMATION_FORMAT = dwarf;
				ENABLE_STRICT_OBJC_MSGSEND = YES;
				ENABLE_TESTABILITY = YES;
				GCC_C_LANGUAGE_STANDARD = gnu11;
				GCC_DYNAMIC_NO_PIC = NO;
				GCC_NO_COMMON_BLOCKS = YES;
				GCC_OPTIMIZATION_LEVEL = 0;
				GCC_PREPROCESSOR_DEFINITIONS = (
					"DEBUG=1",
					"$(inherited)",
				);
				GCC_WARN_64_TO_32_BIT_CONVERSION = YES;
				GCC_WARN_ABOUT_RETURN_TYPE = YES_ERROR;
				GCC_WARN_UNDECLARED_SELECTOR = YES;
				GCC_WARN_UNINITIALIZED_AUTOS = YES_AGGRESSIVE;
				GCC_WARN_UNUSED_FUNCTION = YES;
				GCC_WARN_UNUSED_VARIABLE = YES;
				IPHONEOS_DEPLOYMENT_TARGET = 12.0;
				MTL_ENABLE_DEBUG_INFO = INCLUDE_SOURCE;
				MTL_FAST_MATH = YES;
				ONLY_ACTIVE_ARCH = YES;
				SDKROOT = iphoneos;
				SWIFT_ACTIVE_COMPILATION_CONDITIONS = DEBUG;
				SWIFT_OPTIMIZATION_LEVEL = "-Onone";
			};
			name = Debug;
		};
		5A6A1C8522120E5C00A58EAD /* Release */ = {
			isa = XCBuildConfiguration;
			buildSettings = {
				ALWAYS_SEARCH_USER_PATHS = NO;
				CLANG_ANALYZER_NONNULL = YES;
				CLANG_ANALYZER_NUMBER_OBJECT_CONVERSION = YES_AGGRESSIVE;
				CLANG_CXX_LANGUAGE_STANDARD = "gnu++14";
				CLANG_CXX_LIBRARY = "libc++";
				CLANG_ENABLE_MODULES = YES;
				CLANG_ENABLE_OBJC_ARC = YES;
				CLANG_ENABLE_OBJC_WEAK = YES;
				CLANG_WARN_BLOCK_CAPTURE_AUTORELEASING = YES;
				CLANG_WARN_BOOL_CONVERSION = YES;
				CLANG_WARN_COMMA = YES;
				CLANG_WARN_CONSTANT_CONVERSION = YES;
				CLANG_WARN_DEPRECATED_OBJC_IMPLEMENTATIONS = YES;
				CLANG_WARN_DIRECT_OBJC_ISA_USAGE = YES_ERROR;
				CLANG_WARN_DOCUMENTATION_COMMENTS = YES;
				CLANG_WARN_EMPTY_BODY = YES;
				CLANG_WARN_ENUM_CONVERSION = YES;
				CLANG_WARN_INFINITE_RECURSION = YES;
				CLANG_WARN_INT_CONVERSION = YES;
				CLANG_WARN_NON_LITERAL_NULL_CONVERSION = YES;
				CLANG_WARN_OBJC_IMPLICIT_RETAIN_SELF = YES;
				CLANG_WARN_OBJC_LITERAL_CONVERSION = YES;
				CLANG_WARN_OBJC_ROOT_CLASS = YES_ERROR;
				CLANG_WARN_RANGE_LOOP_ANALYSIS = YES;
				CLANG_WARN_STRICT_PROTOTYPES = YES;
				CLANG_WARN_SUSPICIOUS_MOVE = YES;
				CLANG_WARN_UNGUARDED_AVAILABILITY = YES_AGGRESSIVE;
				CLANG_WARN_UNREACHABLE_CODE = YES;
				CLANG_WARN__DUPLICATE_METHOD_MATCH = YES;
				CODE_SIGN_IDENTITY = "iPhone Developer";
				COPY_PHASE_STRIP = NO;
				DEBUG_INFORMATION_FORMAT = "dwarf-with-dsym";
				ENABLE_NS_ASSERTIONS = NO;
				ENABLE_STRICT_OBJC_MSGSEND = YES;
				GCC_C_LANGUAGE_STANDARD = gnu11;
				GCC_NO_COMMON_BLOCKS = YES;
				GCC_WARN_64_TO_32_BIT_CONVERSION = YES;
				GCC_WARN_ABOUT_RETURN_TYPE = YES_ERROR;
				GCC_WARN_UNDECLARED_SELECTOR = YES;
				GCC_WARN_UNINITIALIZED_AUTOS = YES_AGGRESSIVE;
				GCC_WARN_UNUSED_FUNCTION = YES;
				GCC_WARN_UNUSED_VARIABLE = YES;
				IPHONEOS_DEPLOYMENT_TARGET = 12.0;
				MTL_ENABLE_DEBUG_INFO = NO;
				MTL_FAST_MATH = YES;
				SDKROOT = iphoneos;
				SWIFT_COMPILATION_MODE = wholemodule;
				SWIFT_OPTIMIZATION_LEVEL = "-O";
				VALIDATE_PRODUCT = YES;
			};
			name = Release;
		};
		5A6A1C8722120E5C00A58EAD /* Debug */ = {
			isa = XCBuildConfiguration;
			buildSettings = {
				ASSETCATALOG_COMPILER_APPICON_NAME = AppIcon;
				CODE_SIGN_STYLE = Automatic;
				DEVELOPMENT_TEAM = U45ZNT55FZ;
				INFOPLIST_FILE = gloomhaven/Info.plist;
				IPHONEOS_DEPLOYMENT_TARGET = 12.0;
				LD_RUNPATH_SEARCH_PATHS = (
					"$(inherited)",
					"@executable_path/Frameworks",
				);
				PRODUCT_BUNDLE_IDENTIFIER = com.sbs.gloomhaven;
				PRODUCT_NAME = "$(TARGET_NAME)";
				SWIFT_VERSION = 5.0;
				TARGETED_DEVICE_FAMILY = 2;
			};
			name = Debug;
		};
		5A6A1C8822120E5C00A58EAD /* Release */ = {
			isa = XCBuildConfiguration;
			buildSettings = {
				ASSETCATALOG_COMPILER_APPICON_NAME = AppIcon;
				CODE_SIGN_STYLE = Automatic;
				DEVELOPMENT_TEAM = U45ZNT55FZ;
				INFOPLIST_FILE = gloomhaven/Info.plist;
				IPHONEOS_DEPLOYMENT_TARGET = 12.0;
				LD_RUNPATH_SEARCH_PATHS = (
					"$(inherited)",
					"@executable_path/Frameworks",
				);
				PRODUCT_BUNDLE_IDENTIFIER = com.sbs.gloomhaven;
				PRODUCT_NAME = "$(TARGET_NAME)";
				SWIFT_VERSION = 5.0;
				TARGETED_DEVICE_FAMILY = 2;
			};
			name = Release;
		};
		5A6A1C8A22120E5C00A58EAD /* Debug */ = {
			isa = XCBuildConfiguration;
			buildSettings = {
				ALWAYS_EMBED_SWIFT_STANDARD_LIBRARIES = YES;
				BUNDLE_LOADER = "$(TEST_HOST)";
				CODE_SIGN_STYLE = Automatic;
				DEVELOPMENT_TEAM = U45ZNT55FZ;
				INFOPLIST_FILE = gloomhavenTests/Info.plist;
				LD_RUNPATH_SEARCH_PATHS = (
					"$(inherited)",
					"@executable_path/Frameworks",
					"@loader_path/Frameworks",
				);
				PRODUCT_BUNDLE_IDENTIFIER = com.sbs.gloomhavenTests;
				PRODUCT_NAME = "$(TARGET_NAME)";
				SWIFT_VERSION = 5.0;
				TARGETED_DEVICE_FAMILY = "1,2";
				TEST_HOST = "$(BUILT_PRODUCTS_DIR)/gloomhaven.app/gloomhaven";
			};
			name = Debug;
		};
		5A6A1C8B22120E5C00A58EAD /* Release */ = {
			isa = XCBuildConfiguration;
			buildSettings = {
				ALWAYS_EMBED_SWIFT_STANDARD_LIBRARIES = YES;
				BUNDLE_LOADER = "$(TEST_HOST)";
				CODE_SIGN_STYLE = Automatic;
				DEVELOPMENT_TEAM = U45ZNT55FZ;
				INFOPLIST_FILE = gloomhavenTests/Info.plist;
				LD_RUNPATH_SEARCH_PATHS = (
					"$(inherited)",
					"@executable_path/Frameworks",
					"@loader_path/Frameworks",
				);
				PRODUCT_BUNDLE_IDENTIFIER = com.sbs.gloomhavenTests;
				PRODUCT_NAME = "$(TARGET_NAME)";
				SWIFT_VERSION = 5.0;
				TARGETED_DEVICE_FAMILY = "1,2";
				TEST_HOST = "$(BUILT_PRODUCTS_DIR)/gloomhaven.app/gloomhaven";
			};
			name = Release;
		};
/* End XCBuildConfiguration section */

/* Begin XCConfigurationList section */
		5A6A1C6422120E5B00A58EAD /* Build configuration list for PBXProject "gloomhaven" */ = {
			isa = XCConfigurationList;
			buildConfigurations = (
				5A6A1C8422120E5C00A58EAD /* Debug */,
				5A6A1C8522120E5C00A58EAD /* Release */,
			);
			defaultConfigurationIsVisible = 0;
			defaultConfigurationName = Release;
		};
		5A6A1C8622120E5C00A58EAD /* Build configuration list for PBXNativeTarget "gloomhaven" */ = {
			isa = XCConfigurationList;
			buildConfigurations = (
				5A6A1C8722120E5C00A58EAD /* Debug */,
				5A6A1C8822120E5C00A58EAD /* Release */,
			);
			defaultConfigurationIsVisible = 0;
			defaultConfigurationName = Release;
		};
		5A6A1C8922120E5C00A58EAD /* Build configuration list for PBXNativeTarget "gloomhavenTests" */ = {
			isa = XCConfigurationList;
			buildConfigurations = (
				5A6A1C8A22120E5C00A58EAD /* Debug */,
				5A6A1C8B22120E5C00A58EAD /* Release */,
			);
			defaultConfigurationIsVisible = 0;
			defaultConfigurationName = Release;
		};
/* End XCConfigurationList section */
	};
	rootObject = 5A6A1C6122120E5B00A58EAD /* Project object */;
}
